
Microsoft Visual Studio Solution File, Format Version 12.00
# Visual Studio 2012
Project("{FAE04EC0-301F-11D3-BF4B-00C04F79EFBC}") = "Yggdrasil", "Yggdrasil\Yggdrasil.csproj", "{05613DFF-8456-4A20-8DA7-5B4990401062}"
EndProject
Project("{2150E333-8FDC-42A3-9474-1A3956D46DE8}") = "Plugins", "Plugins", "{757B6748-E0E3-4E21-B728-3F22951DED77}"
EndProject
Project("{FAE04EC0-301F-11D3-BF4B-00C04F79EFBC}") = "Stub", "Plugins\Stub\Stub.csproj", "{D7682AC0-FC18-41FB-8FC2-B999AAD4BD4E}"
EndProject
Project("{FAE04EC0-301F-11D3-BF4B-00C04F79EFBC}") = "Chaco", "Plugins\Chaco\Chaco.csproj", "{847DF9C3-C74A-4B28-946F-FDDA95C55D2F}"
EndProject
Project("{FAE04EC0-301F-11D3-BF4B-00C04F79EFBC}") = "Discord", "Plugins\Discord\Discord.csproj", "{046B161A-D88E-4442-9879-46E989851D05}"
EndProject
Project("{FAE04EC0-301F-11D3-BF4B-00C04F79EFBC}") = "Fluxer", "Plugins\Fluxer\Fluxer.csproj", "{1AAE9B84-88C0-4D69-AE21-F656A9B1A5DE}"
EndProject
Project("{FAE04EC0-301F-11D3-BF4B-00C04F79EFBC}") = "Matrix", "Plugins\Matrix\Matrix.csproj", "{EA0D7DA3-7D26-4F84-98DB-C776B30A517A}"
EndProject
Project("{FAE04EC0-301F-11D3-BF4B-00C04F79EFBC}") = "Tox", "Plugins\Tox\Tox.csproj", "{69E20601-0682-4A64-BC13-D65BDD71B7BE}"
EndProject
Project("{FAE04EC0-301F-11D3-BF4B-00C04F79EFBC}") = "SkymuMac", "SkymuMac\SkymuMac.csproj", "{BD00BBA7-2C24-4FF4-9519-0AB4B966997A}"
EndProject
Global
	GlobalSection(SolutionConfigurationPlatforms) = preSolution
		Debug|Any CPU = Debug|Any CPU
		Release|Any CPU = Release|Any CPU
	EndGlobalSection
	GlobalSection(ProjectConfigurationPlatforms) = postSolution
		{BD00BBA7-2C24-4FF4-9519-0AB4B966997A}.Debug|Any CPU.ActiveCfg = Debug|Any CPU
		{BD00BBA7-2C24-4FF4-9519-0AB4B966997A}.Debug|Any CPU.Build.0 = Debug|Any CPU
		{BD00BBA7-2C24-4FF4-9519-0AB4B966997A}.Release|Any CPU.ActiveCfg = Release|Any CPU
		{BD00BBA7-2C24-4FF4-9519-0AB4B966997A}.Release|Any CPU.Build.0 = Release|Any CPU
		{D7682AC0-FC18-41FB-8FC2-B999AAD4BD4E}.Debug|Any CPU.ActiveCfg = Debug|Any CPU
		{D7682AC0-FC18-41FB-8FC2-B999AAD4BD4E}.Debug|Any CPU.Build.0 = Debug|Any CPU
		{D7682AC0-FC18-41FB-8FC2-B999AAD4BD4E}.Release|Any CPU.ActiveCfg = Release|Any CPU
		{D7682AC0-FC18-41FB-8FC2-B999AAD4BD4E}.Release|Any CPU.Build.0 = Release|Any CPU
		{05613DFF-8456-4A20-8DA7-5B4990401062}.Debug|Any CPU.ActiveCfg = Debug|Any CPU
		{05613DFF-8456-4A20-8DA7-5B4990401062}.Debug|Any CPU.Build.0 = Debug|Any CPU
		{05613DFF-8456-4A20-8DA7-5B4990401062}.Release|Any CPU.ActiveCfg = Release|Any CPU
		{05613DFF-8456-4A20-8DA7-5B4990401062}.Release|Any CPU.Build.0 = Release|Any CPU
		{847DF9C3-C74A-4B28-946F-FDDA95C55D2F}.Debug|Any CPU.ActiveCfg = Debug|Any CPU
		{847DF9C3-C74A-4B28-946F-FDDA95C55D2F}.Debug|Any CPU.Build.0 = Debug|Any CPU
		{847DF9C3-C74A-4B28-946F-FDDA95C55D2F}.Release|Any CPU.ActiveCfg = Release|Any CPU
		{847DF9C3-C74A-4B28-946F-FDDA95C55D2F}.Release|Any CPU.Build.0 = Release|Any CPU
		{046B161A-D88E-4442-9879-46E989851D05}.Debug|Any CPU.ActiveCfg = Debug|Any CPU
		{046B161A-D88E-4442-9879-46E989851D05}.Debug|Any CPU.Build.0 = Debug|Any CPU
		{046B161A-D88E-4442-9879-46E989851D05}.Release|Any CPU.ActiveCfg = Release|Any CPU
		{046B161A-D88E-4442-9879-46E989851D05}.Release|Any CPU.Build.0 = Release|Any CPU
		{1AAE9B84-88C0-4D69-AE21-F656A9B1A5DE}.Debug|Any CPU.ActiveCfg = Debug|Any CPU
		{1AAE9B84-88C0-4D69-AE21-F656A9B1A5DE}.Debug|Any CPU.Build.0 = Debug|Any CPU
		{1AAE9B84-88C0-4D69-AE21-F656A9B1A5DE}.Release|Any CPU.ActiveCfg = Release|Any CPU
		{1AAE9B84-88C0-4D69-AE21-F656A9B1A5DE}.Release|Any CPU.Build.0 = Release|Any CPU
		{EA0D7DA3-7D26-4F84-98DB-C776B30A517A}.Debug|Any CPU.ActiveCfg = Debug|Any CPU
		{EA0D7DA3-7D26-4F84-98DB-C776B30A517A}.Debug|Any CPU.Build.0 = Debug|Any CPU
		{EA0D7DA3-7D26-4F84-98DB-C776B30A517A}.Release|Any CPU.ActiveCfg = Release|Any CPU
		{EA0D7DA3-7D26-4F84-98DB-C776B30A517A}.Release|Any CPU.Build.0 = Release|Any CPU
		{69E20601-0682-4A64-BC13-D65BDD71B7BE}.Debug|Any CPU.ActiveCfg = Debug|Any CPU
		{69E20601-0682-4A64-BC13-D65BDD71B7BE}.Debug|Any CPU.Build.0 = Debug|Any CPU
		{69E20601-0682-4A64-BC13-D65BDD71B7BE}.Release|Any CPU.ActiveCfg = Release|Any CPU
		{69E20601-0682-4A64-BC13-D65BDD71B7BE}.Release|Any CPU.Build.0 = Release|Any CPU
	EndGlobalSection
	GlobalSection(NestedProjects) = preSolution
		{D7682AC0-FC18-41FB-8FC2-B999AAD4BD4E} = {757B6748-E0E3-4E21-B728-3F22951DED77}
		{847DF9C3-C74A-4B28-946F-FDDA95C55D2F} = {757B6748-E0E3-4E21-B728-3F22951DED77}
		{046B161A-D88E-4442-9879-46E989851D05} = {757B6748-E0E3-4E21-B728-3F22951DED77}
		{1AAE9B84-88C0-4D69-AE21-F656A9B1A5DE} = {757B6748-E0E3-4E21-B728-3F22951DED77}
		{EA0D7DA3-7D26-4F84-98DB-C776B30A517A} = {757B6748-E0E3-4E21-B728-3F22951DED77}
		{69E20601-0682-4A64-BC13-D65BDD71B7BE} = {757B6748-E0E3-4E21-B728-3F22951DED77}
	EndGlobalSection
EndGlobal
